
Microsoft Visual Studio Solution File, Format Version 12.00
# Visual Studio Version 16
VisualStudioVersion = 16.0.33920.266
MinimumVisualStudioVersion = 10.0.40219.1
Project("{FAE04EC0-301F-11D3-BF4B-00C04F79EFBC}") = "RANA_Hanseatic", "RANA_Hanseatic\RANA_Hanseatic.csproj", "{A0C6EBE1-D1CE-421D-8FCE-D3CD7CC4DA13}"
EndProject
Global
	GlobalSection(SolutionConfigurationPlatforms) = preSolution
		Debug|Any CPU = Debug|Any CPU
		Release|Any CPU = Release|Any CPU
	EndGlobalSection
	GlobalSection(ProjectConfigurationPlatforms) = postSolution
		{A0C6EBE1-D1CE-421D-8FCE-D3CD7CC4DA13}.Debug|Any CPU.ActiveCfg = Debug|Any CPU
		{A0C6EBE1-D1CE-421D-8FCE-D3CD7CC4DA13}.Debug|Any CPU.Build.0 = Debug|Any CPU
		{A0C6EBE1-D1CE-421D-8FCE-D3CD7CC4DA13}.Release|Any CPU.ActiveCfg = Release|Any CPU
		{A0C6EBE1-D1CE-421D-8FCE-D3CD7CC4DA13}.Release|Any CPU.Build.0 = Release|Any CPU
	EndGlobalSection
	GlobalSection(SolutionProperties) = preSolution
		HideSolutionNode = FALSE
	EndGlobalSection
	GlobalSection(ExtensibilityGlobals) = postSolution
		SolutionGuid = {81563E36-35F4-4FF6-9118-9D2DCDE93F97}
	EndGlobalSection
EndGlobal
